
Microsoft Visual Studio Solution File, Format Version 12.00
# Visual Studio Version 17
VisualStudioVersion = 17.12.35707.178 d17.12
MinimumVisualStudioVersion = 10.0.40219.1
Project("{FAE04EC0-301F-11D3-BF4B-00C04F79EFBC}") = "CucinaMammaAPI", "CucinaMammaAPI\CucinaMammaAPI.csproj", "{0B63C533-AA63-49AB-9E22-02EDAAD6CF09}"
EndProject
Project("{FAE04EC0-301F-11D3-BF4B-00C04F79EFBC}") = "SharedModels", "SharedModels\SharedModels.csproj", "{8E7565D2-2FCE-4F5A-B0C4-D9EAC6443D51}"
EndProject
Global
	GlobalSection(SolutionConfigurationPlatforms) = preSolution
		Debug|Any CPU = Debug|Any CPU
		Release|Any CPU = Release|Any CPU
	EndGlobalSection
	GlobalSection(ProjectConfigurationPlatforms) = postSolution
		{0B63C533-AA63-49AB-9E22-02EDAAD6CF09}.Debug|Any CPU.ActiveCfg = Debug|Any CPU
		{0B63C533-AA63-49AB-9E22-02EDAAD6CF09}.Debug|Any CPU.Build.0 = Debug|Any CPU
		{0B63C533-AA63-49AB-9E22-02EDAAD6CF09}.Release|Any CPU.ActiveCfg = Release|Any CPU
		{0B63C533-AA63-49AB-9E22-02EDAAD6CF09}.Release|Any CPU.Build.0 = Release|Any CPU
		{8E7565D2-2FCE-4F5A-B0C4-D9EAC6443D51}.Debug|Any CPU.ActiveCfg = Debug|Any CPU
		{8E7565D2-2FCE-4F5A-B0C4-D9EAC6443D51}.Debug|Any CPU.Build.0 = Debug|Any CPU
		{8E7565D2-2FCE-4F5A-B0C4-D9EAC6443D51}.Release|Any CPU.ActiveCfg = Release|Any CPU
		{8E7565D2-2FCE-4F5A-B0C4-D9EAC6443D51}.Release|Any CPU.Build.0 = Release|Any CPU
	EndGlobalSection
	GlobalSection(SolutionProperties) = preSolution
		HideSolutionNode = FALSE
	EndGlobalSection
EndGlobal
